
Microsoft Visual Studio Solution File, Format Version 12.00
# Visual Studio 15
VisualStudioVersion = 15.0.28307.329
MinimumVisualStudioVersion = 10.0.40219.1
Project("{9A19103F-16F7-4668-BE54-9A1E7A4F7556}") = "CityPark", "CityPark\CityPark\CityPark.csproj", "{8B0BB09F-746E-425C-A9DD-A1F9EF398D76}"
EndProject
Project("{FAE04EC0-301F-11D3-BF4B-00C04F79EFBC}") = "CityPark.Android", "CityPark\CityPark.Android\CityPark.Android.csproj", "{815343EA-D4B1-47EE-B667-C3BE4B0D56A0}"
EndProject
Project("{FAE04EC0-301F-11D3-BF4B-00C04F79EFBC}") = "CityPark.iOS", "CityPark\CityPark.iOS\CityPark.iOS.csproj", "{9621D533-22AF-422A-A3E5-7C54E4862C88}"
EndProject
Project("{2150E333-8FDC-42A3-9474-1A3956D46DE8}") = "Solution Items", "Solution Items", "{7868A1A1-1F5F-4D73-9A84-895DA0E75383}"
	ProjectSection(SolutionItems) = preProject
		.gitignore = .gitignore
		notes.txt = notes.txt
	EndProjectSection
EndProject
Global
	GlobalSection(SolutionConfigurationPlatforms) = preSolution
		Ad-Hoc|Any CPU = Ad-Hoc|Any CPU
		Ad-Hoc|iPhone = Ad-Hoc|iPhone
		Ad-Hoc|iPhoneSimulator = Ad-Hoc|iPhoneSimulator
		AppStore|Any CPU = AppStore|Any CPU
		AppStore|iPhone = AppStore|iPhone
		AppStore|iPhoneSimulator = AppStore|iPhoneSimulator
		Debug|Any CPU = Debug|Any CPU
		Debug|iPhone = Debug|iPhone
		Debug|iPhoneSimulator = Debug|iPhoneSimulator
		Release|Any CPU = Release|Any CPU
		Release|iPhone = Release|iPhone
		Release|iPhoneSimulator = Release|iPhoneSimulator
	EndGlobalSection
	GlobalSection(ProjectConfigurationPlatforms) = postSolution
		{8B0BB09F-746E-425C-A9DD-A1F9EF398D76}.Ad-Hoc|Any CPU.ActiveCfg = Debug|Any CPU
		{8B0BB09F-746E-425C-A9DD-A1F9EF398D76}.Ad-Hoc|Any CPU.Build.0 = Debug|Any CPU
		{8B0BB09F-746E-425C-A9DD-A1F9EF398D76}.Ad-Hoc|iPhone.ActiveCfg = Debug|Any CPU
		{8B0BB09F-746E-425C-A9DD-A1F9EF398D76}.Ad-Hoc|iPhone.Build.0 = Debug|Any CPU
		{8B0BB09F-746E-425C-A9DD-A1F9EF398D76}.Ad-Hoc|iPhoneSimulator.ActiveCfg = Debug|Any CPU
		{8B0BB09F-746E-425C-A9DD-A1F9EF398D76}.Ad-Hoc|iPhoneSimulator.Build.0 = Debug|Any CPU
		{8B0BB09F-746E-425C-A9DD-A1F9EF398D76}.AppStore|Any CPU.ActiveCfg = Debug|Any CPU
		{8B0BB09F-746E-425C-A9DD-A1F9EF398D76}.AppStore|Any CPU.Build.0 = Debug|Any CPU
		{8B0BB09F-746E-425C-A9DD-A1F9EF398D76}.AppStore|iPhone.ActiveCfg = Debug|Any CPU
		{8B0BB09F-746E-425C-A9DD-A1F9EF398D76}.AppStore|iPhone.Build.0 = Debug|Any CPU
		{8B0BB09F-746E-425C-A9DD-A1F9EF398D76}.AppStore|iPhoneSimulator.ActiveCfg = Debug|Any CPU
		{8B0BB09F-746E-425C-A9DD-A1F9EF398D76}.AppStore|iPhoneSimulator.Build.0 = Debug|Any CPU
		{8B0BB09F-746E-425C-A9DD-A1F9EF398D76}.Debug|Any CPU.ActiveCfg = Debug|Any CPU
		{8B0BB09F-746E-425C-A9DD-A1F9EF398D76}.Debug|Any CPU.Build.0 = Debug|Any CPU
		{8B0BB09F-746E-425C-A9DD-A1F9EF398D76}.Debug|iPhone.ActiveCfg = Debug|Any CPU
		{8B0BB09F-746E-425C-A9DD-A1F9EF398D76}.Debug|iPhone.Build.0 = Debug|Any CPU
		{8B0BB09F-746E-425C-A9DD-A1F9EF398D76}.Debug|iPhoneSimulator.ActiveCfg = Debug|Any CPU
		{8B0BB09F-746E-425C-A9DD-A1F9EF398D76}.Debug|iPhoneSimulator.Build.0 = Debug|Any CPU
		{8B0BB09F-746E-425C-A9DD-A1F9EF398D76}.Release|Any CPU.ActiveCfg = Release|Any CPU
		{8B0BB09F-746E-425C-A9DD-A1F9EF398D76}.Release|Any CPU.Build.0 = Release|Any CPU
		{8B0BB09F-746E-425C-A9DD-A1F9EF398D76}.Release|iPhone.ActiveCfg = Release|Any CPU
		{8B0BB09F-746E-425C-A9DD-A1F9EF398D76}.Release|iPhone.Build.0 = Release|Any CPU
		{8B0BB09F-746E-425C-A9DD-A1F9EF398D76}.Release|iPhoneSimulator.ActiveCfg = Release|Any CPU
		{8B0BB09F-746E-425C-A9DD-A1F9EF398D76}.Release|iPhoneSimulator.Build.0 = Release|Any CPU
		{815343EA-D4B1-47EE-B667-C3BE4B0D56A0}.Ad-Hoc|Any CPU.ActiveCfg = Release|Any CPU
		{815343EA-D4B1-47EE-B667-C3BE4B0D56A0}.Ad-Hoc|Any CPU.Build.0 = Release|Any CPU
		{815343EA-D4B1-47EE-B667-C3BE4B0D56A0}.Ad-Hoc|Any CPU.Deploy.0 = Release|Any CPU
		{815343EA-D4B1-47EE-B667-C3BE4B0D56A0}.Ad-Hoc|iPhone.ActiveCfg = Release|Any CPU
		{815343EA-D4B1-47EE-B667-C3BE4B0D56A0}.Ad-Hoc|iPhone.Build.0 = Release|Any CPU
		{815343EA-D4B1-47EE-B667-C3BE4B0D56A0}.Ad-Hoc|iPhone.Deploy.0 = Release|Any CPU
		{815343EA-D4B1-47EE-B667-C3BE4B0D56A0}.Ad-Hoc|iPhoneSimulator.ActiveCfg = Release|Any CPU
		{815343EA-D4B1-47EE-B667-C3BE4B0D56A0}.Ad-Hoc|iPhoneSimulator.Build.0 = Release|Any CPU
		{815343EA-D4B1-47EE-B667-C3BE4B0D56A0}.Ad-Hoc|iPhoneSimulator.Deploy.0 = Release|Any CPU
		{815343EA-D4B1-47EE-B667-C3BE4B0D56A0}.AppStore|Any CPU.ActiveCfg = Release|Any CPU
		{815343EA-D4B1-47EE-B667-C3BE4B0D56A0}.AppStore|Any CPU.Build.0 = Release|Any CPU
		{815343EA-D4B1-47EE-B667-C3BE4B0D56A0}.AppStore|Any CPU.Deploy.0 = Release|Any CPU
		{815343EA-D4B1-47EE-B667-C3BE4B0D56A0}.AppStore|iPhone.ActiveCfg = Release|Any CPU
		{815343EA-D4B1-47EE-B667-C3BE4B0D56A0}.AppStore|iPhone.Build.0 = Release|Any CPU
		{815343EA-D4B1-47EE-B667-C3BE4B0D56A0}.AppStore|iPhone.Deploy.0 = Release|Any CPU
		{815343EA-D4B1-47EE-B667-C3BE4B0D56A0}.AppStore|iPhoneSimulator.ActiveCfg = Release|Any CPU
		{815343EA-D4B1-47EE-B667-C3BE4B0D56A0}.AppStore|iPhoneSimulator.Build.0 = Release|Any CPU
		{815343EA-D4B1-47EE-B667-C3BE4B0D56A0}.AppStore|iPhoneSimulator.Deploy.0 = Release|Any CPU
		{815343EA-D4B1-47EE-B667-C3BE4B0D56A0}.Debug|Any CPU.ActiveCfg = Debug|Any CPU
		{815343EA-D4B1-47EE-B667-C3BE4B0D56A0}.Debug|Any CPU.Build.0 = Debug|Any CPU
		{815343EA-D4B1-47EE-B667-C3BE4B0D56A0}.Debug|Any CPU.Deploy.0 = Debug|Any CPU
		{815343EA-D4B1-47EE-B667-C3BE4B0D56A0}.Debug|iPhone.ActiveCfg = Debug|Any CPU
		{815343EA-D4B1-47EE-B667-C3BE4B0D56A0}.Debug|iPhone.Build.0 = Debug|Any CPU
		{815343EA-D4B1-47EE-B667-C3BE4B0D56A0}.Debug|iPhone.Deploy.0 = Debug|Any CPU
		{815343EA-D4B1-47EE-B667-C3BE4B0D56A0}.Debug|iPhoneSimulator.ActiveCfg = Debug|Any CPU
		{815343EA-D4B1-47EE-B667-C3BE4B0D56A0}.Debug|iPhoneSimulator.Build.0 = Debug|Any CPU
		{815343EA-D4B1-47EE-B667-C3BE4B0D56A0}.Debug|iPhoneSimulator.Deploy.0 = Debug|Any CPU
		{815343EA-D4B1-47EE-B667-C3BE4B0D56A0}.Release|Any CPU.ActiveCfg = Release|Any CPU
		{815343EA-D4B1-47EE-B667-C3BE4B0D56A0}.Release|Any CPU.Build.0 = Release|Any CPU
		{815343EA-D4B1-47EE-B667-C3BE4B0D56A0}.Release|Any CPU.Deploy.0 = Release|Any CPU
		{815343EA-D4B1-47EE-B667-C3BE4B0D56A0}.Release|iPhone.ActiveCfg = Release|Any CPU
		{815343EA-D4B1-47EE-B667-C3BE4B0D56A0}.Release|iPhone.Build.0 = Release|Any CPU
		{815343EA-D4B1-47EE-B667-C3BE4B0D56A0}.Release|iPhone.Deploy.0 = Release|Any CPU
		{815343EA-D4B1-47EE-B667-C3BE4B0D56A0}.Release|iPhoneSimulator.ActiveCfg = Release|Any CPU
		{815343EA-D4B1-47EE-B667-C3BE4B0D56A0}.Release|iPhoneSimulator.Build.0 = Release|Any CPU
		{815343EA-D4B1-47EE-B667-C3BE4B0D56A0}.Release|iPhoneSimulator.Deploy.0 = Release|Any CPU
		{9621D533-22AF-422A-A3E5-7C54E4862C88}.Ad-Hoc|Any CPU.ActiveCfg = Ad-Hoc|iPhone
		{9621D533-22AF-422A-A3E5-7C54E4862C88}.Ad-Hoc|iPhone.ActiveCfg = Ad-Hoc|iPhone
		{9621D533-22AF-422A-A3E5-7C54E4862C88}.Ad-Hoc|iPhone.Build.0 = Ad-Hoc|iPhone
		{9621D533-22AF-422A-A3E5-7C54E4862C88}.Ad-Hoc|iPhoneSimulator.ActiveCfg = Ad-Hoc|iPhoneSimulator
		{9621D533-22AF-422A-A3E5-7C54E4862C88}.Ad-Hoc|iPhoneSimulator.Build.0 = Ad-Hoc|iPhoneSimulator
		{9621D533-22AF-422A-A3E5-7C54E4862C88}.AppStore|Any CPU.ActiveCfg = AppStore|iPhone
		{9621D533-22AF-422A-A3E5-7C54E4862C88}.AppStore|iPhone.ActiveCfg = AppStore|iPhone
		{9621D533-22AF-422A-A3E5-7C54E4862C88}.AppStore|iPhone.Build.0 = AppStore|iPhone
		{9621D533-22AF-422A-A3E5-7C54E4862C88}.AppStore|iPhoneSimulator.ActiveCfg = AppStore|iPhoneSimulator
		{9621D533-22AF-422A-A3E5-7C54E4862C88}.AppStore|iPhoneSimulator.Build.0 = AppStore|iPhoneSimulator
		{9621D533-22AF-422A-A3E5-7C54E4862C88}.Debug|Any CPU.ActiveCfg = Debug|iPhone
		{9621D533-22AF-422A-A3E5-7C54E4862C88}.Debug|iPhone.ActiveCfg = Debug|iPhone
		{9621D533-22AF-422A-A3E5-7C54E4862C88}.Debug|iPhone.Build.0 = Debug|iPhone
		{9621D533-22AF-422A-A3E5-7C54E4862C88}.Debug|iPhoneSimulator.ActiveCfg = Debug|iPhoneSimulator
		{9621D533-22AF-422A-A3E5-7C54E4862C88}.Debug|iPhoneSimulator.Build.0 = Debug|iPhoneSimulator
		{9621D533-22AF-422A-A3E5-7C54E4862C88}.Release|Any CPU.ActiveCfg = Release|iPhone
		{9621D533-22AF-422A-A3E5-7C54E4862C88}.Release|iPhone.ActiveCfg = Release|iPhone
		{9621D533-22AF-422A-A3E5-7C54E4862C88}.Release|iPhone.Build.0 = Release|iPhone
		{9621D533-22AF-422A-A3E5-7C54E4862C88}.Release|iPhoneSimulator.ActiveCfg = Release|iPhoneSimulator
		{9621D533-22AF-422A-A3E5-7C54E4862C88}.Release|iPhoneSimulator.Build.0 = Release|iPhoneSimulator
	EndGlobalSection
	GlobalSection(SolutionProperties) = preSolution
		HideSolutionNode = FALSE
	EndGlobalSection
	GlobalSection(ExtensibilityGlobals) = postSolution
		SolutionGuid = {16347F5E-9AAA-455E-A2CE-A26CB92BAB13}
	EndGlobalSection
EndGlobal
